{"filter":false,"title":"package-lock.json","tooltip":"~/workspace/project/package-lock.json","undoManager":{"mark":-1,"position":-1,"stack":[]},"ace":{"folds":[],"scrolltop":0,"scrollleft":0,"selection":{"start":{"row":0,"column":0},"end":{"row":0,"column":0},"isBackwards":false},"options":{"guessTabSize":true,"useWrapMode":false,"wrapToView":true},"firstLineState":0},"timestamp":1543642605174,"hash":"30315ad742f0e8c72c7ea0db4c0b581297872934"}